// !$*UTF8*$!
{
	archiveVersion = 1;
	classes = {
	};
	objectVersion = 56;
	objects = {

/* Begin PBXBuildFile section */
		232408342A808092000A1024 /* SwiftyJSON in Frameworks */ = {isa = PBXBuildFile; productRef = 232408332A808092000A1024 /* SwiftyJSON */; };
		232408372A8080A4000A1024 /* Alamofire in Frameworks */ = {isa = PBXBuildFile; productRef = 232408362A8080A4000A1024 /* Alamofire */; };
		23870E112A7B72BE00B743F0 /* LottoViewController.swift in Sources */ = {isa = PBXBuildFile; fileRef = 23870E102A7B72BE00B743F0 /* LottoViewController.swift */; };
		239071732A773A5900C52AFB /* AppDelegate.swift in Sources */ = {isa = PBXBuildFile; fileRef = 239071722A773A5900C52AFB /* AppDelegate.swift */; };
		239071752A773A5900C52AFB /* SceneDelegate.swift in Sources */ = {isa = PBXBuildFile; fileRef = 239071742A773A5900C52AFB /* SceneDelegate.swift */; };
		239071772A773A5900C52AFB /* AddViewController.swift in Sources */ = {isa = PBXBuildFile; fileRef = 239071762A773A5900C52AFB /* AddViewController.swift */; };
		2390717A2A773A5900C52AFB /* Main.storyboard in Resources */ = {isa = PBXBuildFile; fileRef = 239071782A773A5900C52AFB /* Main.storyboard */; };
		2390717C2A773A5C00C52AFB /* Assets.xcassets in Resources */ = {isa = PBXBuildFile; fileRef = 2390717B2A773A5C00C52AFB /* Assets.xcassets */; };
		2390717F2A773A5C00C52AFB /* LaunchScreen.storyboard in Resources */ = {isa = PBXBuildFile; fileRef = 2390717D2A773A5C00C52AFB /* LaunchScreen.storyboard */; };
		239071872A773AD200C52AFB /* DiaryTableViewController.swift in Sources */ = {isa = PBXBuildFile; fileRef = 239071862A773AD200C52AFB /* DiaryTableViewController.swift */; };
		2390718A2A773BC600C52AFB /* DiaryTableViewCell.swift in Sources */ = {isa = PBXBuildFile; fileRef = 239071882A773BC600C52AFB /* DiaryTableViewCell.swift */; };
		2390718B2A773BC600C52AFB /* DiaryTableViewCell.xib in Resources */ = {isa = PBXBuildFile; fileRef = 239071892A773BC600C52AFB /* DiaryTableViewCell.xib */; };
		2390718D2A7752D800C52AFB /* DetailViewController.swift in Sources */ = {isa = PBXBuildFile; fileRef = 2390718C2A7752D800C52AFB /* DetailViewController.swift */; };
		2390718F2A77625600C52AFB /* Extesion+UIViewController.swift in Sources */ = {isa = PBXBuildFile; fileRef = 2390718E2A77625600C52AFB /* Extesion+UIViewController.swift */; };
		239071912A77796300C52AFB /* SearchCollectionViewController.swift in Sources */ = {isa = PBXBuildFile; fileRef = 239071902A77796300C52AFB /* SearchCollectionViewController.swift */; };
		239071942A777ADC00C52AFB /* SearchCollectionViewCell.swift in Sources */ = {isa = PBXBuildFile; fileRef = 239071922A777ADC00C52AFB /* SearchCollectionViewCell.swift */; };
		239071952A777ADC00C52AFB /* SearchCollectionViewCell.xib in Resources */ = {isa = PBXBuildFile; fileRef = 239071932A777ADC00C52AFB /* SearchCollectionViewCell.xib */; };
		239071C52A789B5B00C52AFB /* SettingTableViewController.swift in Sources */ = {isa = PBXBuildFile; fileRef = 239071C42A789B5B00C52AFB /* SettingTableViewController.swift */; };
		239071C92A79F23200C52AFB /* TimelineViewController.swift in Sources */ = {isa = PBXBuildFile; fileRef = 239071C82A79F23200C52AFB /* TimelineViewController.swift */; };
/* End PBXBuildFile section */

/* Begin PBXFileReference section */
		23870E102A7B72BE00B743F0 /* LottoViewController.swift */ = {isa = PBXFileReference; lastKnownFileType = sourcecode.swift; path = LottoViewController.swift; sourceTree = "<group>"; };
		2390716F2A773A5900C52AFB /* OneLineDiary.app */ = {isa = PBXFileReference; explicitFileType = wrapper.application; includeInIndex = 0; path = OneLineDiary.app; sourceTree = BUILT_PRODUCTS_DIR; };
		239071722A773A5900C52AFB /* AppDelegate.swift */ = {isa = PBXFileReference; lastKnownFileType = sourcecode.swift; path = AppDelegate.swift; sourceTree = "<group>"; };
		239071742A773A5900C52AFB /* SceneDelegate.swift */ = {isa = PBXFileReference; lastKnownFileType = sourcecode.swift; path = SceneDelegate.swift; sourceTree = "<group>"; };
		239071762A773A5900C52AFB /* AddViewController.swift */ = {isa = PBXFileReference; lastKnownFileType = sourcecode.swift; path = AddViewController.swift; sourceTree = "<group>"; };
		239071792A773A5900C52AFB /* Base */ = {isa = PBXFileReference; lastKnownFileType = file.storyboard; name = Base; path = Base.lproj/Main.storyboard; sourceTree = "<group>"; };
		2390717B2A773A5C00C52AFB /* Assets.xcassets */ = {isa = PBXFileReference; lastKnownFileType = folder.assetcatalog; path = Assets.xcassets; sourceTree = "<group>"; };
		2390717E2A773A5C00C52AFB /* Base */ = {isa = PBXFileReference; lastKnownFileType = file.storyboard; name = Base; path = Base.lproj/LaunchScreen.storyboard; sourceTree = "<group>"; };
		239071802A773A5C00C52AFB /* Info.plist */ = {isa = PBXFileReference; lastKnownFileType = text.plist.xml; path = Info.plist; sourceTree = "<group>"; };
		239071862A773AD200C52AFB /* DiaryTableViewController.swift */ = {isa = PBXFileReference; lastKnownFileType = sourcecode.swift; path = DiaryTableViewController.swift; sourceTree = "<group>"; };
		239071882A773BC600C52AFB /* DiaryTableViewCell.swift */ = {isa = PBXFileReference; lastKnownFileType = sourcecode.swift; path = DiaryTableViewCell.swift; sourceTree = "<group>"; };
		239071892A773BC600C52AFB /* DiaryTableViewCell.xib */ = {isa = PBXFileReference; lastKnownFileType = file.xib; path = DiaryTableViewCell.xib; sourceTree = "<group>"; };
		2390718C2A7752D800C52AFB /* DetailViewController.swift */ = {isa = PBXFileReference; lastKnownFileType = sourcecode.swift; path = DetailViewController.swift; sourceTree = "<group>"; };
		2390718E2A77625600C52AFB /* Extesion+UIViewController.swift */ = {isa = PBXFileReference; lastKnownFileType = sourcecode.swift; path = "Extesion+UIViewController.swift"; sourceTree = "<group>"; };
		239071902A77796300C52AFB /* SearchCollectionViewController.swift */ = {isa = PBXFileReference; lastKnownFileType = sourcecode.swift; path = SearchCollectionViewController.swift; sourceTree = "<group>"; };
		239071922A777ADC00C52AFB /* SearchCollectionViewCell.swift */ = {isa = PBXFileReference; lastKnownFileType = sourcecode.swift; path = SearchCollectionViewCell.swift; sourceTree = "<group>"; };
		239071932A777ADC00C52AFB /* SearchCollectionViewCell.xib */ = {isa = PBXFileReference; lastKnownFileType = file.xib; path = SearchCollectionViewCell.xib; sourceTree = "<group>"; };
		239071C42A789B5B00C52AFB /* SettingTableViewController.swift */ = {isa = PBXFileReference; lastKnownFileType = sourcecode.swift; path = SettingTableViewController.swift; sourceTree = "<group>"; };
		239071C82A79F23200C52AFB /* TimelineViewController.swift */ = {isa = PBXFileReference; lastKnownFileType = sourcecode.swift; path = TimelineViewController.swift; sourceTree = "<group>"; };
/* End PBXFileReference section */

/* Begin PBXFrameworksBuildPhase section */
		2390716C2A773A5900C52AFB /* Frameworks */ = {
			isa = PBXFrameworksBuildPhase;
			buildActionMask = 2147483647;
			files = (
				232408342A808092000A1024 /* SwiftyJSON in Frameworks */,
				232408372A8080A4000A1024 /* Alamofire in Frameworks */,
			);
			runOnlyForDeploymentPostprocessing = 0;
		};
/* End PBXFrameworksBuildPhase section */

/* Begin PBXGroup section */
		239071662A773A5900C52AFB = {
			isa = PBXGroup;
			children = (
				239071712A773A5900C52AFB /* OneLineDiary */,
				239071702A773A5900C52AFB /* Products */,
			);
			sourceTree = "<group>";
		};
		239071702A773A5900C52AFB /* Products */ = {
			isa = PBXGroup;
			children = (
				2390716F2A773A5900C52AFB /* OneLineDiary.app */,
			);
			name = Products;
			sourceTree = "<group>";
		};
		239071712A773A5900C52AFB /* OneLineDiary */ = {
			isa = PBXGroup;
			children = (
				239071722A773A5900C52AFB /* AppDelegate.swift */,
				239071742A773A5900C52AFB /* SceneDelegate.swift */,
				239071782A773A5900C52AFB /* Main.storyboard */,
				23870E102A7B72BE00B743F0 /* LottoViewController.swift */,
				239071762A773A5900C52AFB /* AddViewController.swift */,
				2390718C2A7752D800C52AFB /* DetailViewController.swift */,
				239071C82A79F23200C52AFB /* TimelineViewController.swift */,
				239071C42A789B5B00C52AFB /* SettingTableViewController.swift */,
				239071922A777ADC00C52AFB /* SearchCollectionViewCell.swift */,
				239071932A777ADC00C52AFB /* SearchCollectionViewCell.xib */,
				239071902A77796300C52AFB /* SearchCollectionViewController.swift */,
				239071882A773BC600C52AFB /* DiaryTableViewCell.swift */,
				239071892A773BC600C52AFB /* DiaryTableViewCell.xib */,
				239071862A773AD200C52AFB /* DiaryTableViewController.swift */,
				2390717B2A773A5C00C52AFB /* Assets.xcassets */,
				2390717D2A773A5C00C52AFB /* LaunchScreen.storyboard */,
				239071802A773A5C00C52AFB /* Info.plist */,
				2390718E2A77625600C52AFB /* Extesion+UIViewController.swift */,
			);
			path = OneLineDiary;
			sourceTree = "<group>";
		};
/* End PBXGroup section */

/* Begin PBXNativeTarget section */
		2390716E2A773A5900C52AFB /* OneLineDiary */ = {
			isa = PBXNativeTarget;
			buildConfigurationList = 239071832A773A5C00C52AFB /* Build configuration list for PBXNativeTarget "OneLineDiary" */;
			buildPhases = (
				2390716B2A773A5900C52AFB /* Sources */,
				2390716C2A773A5900C52AFB /* Frameworks */,
				2390716D2A773A5900C52AFB /* Resources */,
			);
			buildRules = (
			);
			dependencies = (
			);
			name = OneLineDiary;
			packageProductDependencies = (
				232408332A808092000A1024 /* SwiftyJSON */,
				232408362A8080A4000A1024 /* Alamofire */,
			);
			productName = OneLineDiary;
			productReference = 2390716F2A773A5900C52AFB /* OneLineDiary.app */;
			productType = "com.apple.product-type.application";
		};
/* End PBXNativeTarget section */

/* Begin PBXProject section */
		239071672A773A5900C52AFB /* Project object */ = {
			isa = PBXProject;
			attributes = {
				BuildIndependentTargetsInParallel = 1;
				LastSwiftUpdateCheck = 1430;
				LastUpgradeCheck = 1430;
				TargetAttributes = {
					2390716E2A773A5900C52AFB = {
						CreatedOnToolsVersion = 14.3.1;
					};
				};
			};
			buildConfigurationList = 2390716A2A773A5900C52AFB /* Build configuration list for PBXProject "OneLineDiary" */;
			compatibilityVersion = "Xcode 14.0";
			developmentRegion = en;
			hasScannedForEncodings = 0;
			knownRegions = (
				en,
				Base,
			);
			mainGroup = 239071662A773A5900C52AFB;
			packageReferences = (
				232408322A808092000A1024 /* XCRemoteSwiftPackageReference "SwiftyJSON" */,
				232408352A8080A4000A1024 /* XCRemoteSwiftPackageReference "Alamofire" */,
			);
			productRefGroup = 239071702A773A5900C52AFB /* Products */;
			projectDirPath = "";
			projectRoot = "";
			targets = (
				2390716E2A773A5900C52AFB /* OneLineDiary */,
			);
		};
/* End PBXProject section */

/* Begin PBXResourcesBuildPhase section */
		2390716D2A773A5900C52AFB /* Resources */ = {
			isa = PBXResourcesBuildPhase;
			buildActionMask = 2147483647;
			files = (
				2390717F2A773A5C00C52AFB /* LaunchScreen.storyboard in Resources */,
				2390717C2A773A5C00C52AFB /* Assets.xcassets in Resources */,
				239071952A777ADC00C52AFB /* SearchCollectionViewCell.xib in Resources */,
				2390717A2A773A5900C52AFB /* Main.storyboard in Resources */,
				2390718B2A773BC600C52AFB /* DiaryTableViewCell.xib in Resources */,
			);
			runOnlyForDeploymentPostprocessing = 0;
		};
/* End PBXResourcesBuildPhase section */

/* Begin PBXSourcesBuildPhase section */
		2390716B2A773A5900C52AFB /* Sources */ = {
			isa = PBXSourcesBuildPhase;
			buildActionMask = 2147483647;
			files = (
				239071912A77796300C52AFB /* SearchCollectionViewController.swift in Sources */,
				239071C92A79F23200C52AFB /* TimelineViewController.swift in Sources */,
				239071772A773A5900C52AFB /* AddViewController.swift in Sources */,
				2390718A2A773BC600C52AFB /* DiaryTableViewCell.swift in Sources */,
				239071872A773AD200C52AFB /* DiaryTableViewController.swift in Sources */,
				239071C52A789B5B00C52AFB /* SettingTableViewController.swift in Sources */,
				2390718D2A7752D800C52AFB /* DetailViewController.swift in Sources */,
				239071732A773A5900C52AFB /* AppDelegate.swift in Sources */,
				2390718F2A77625600C52AFB /* Extesion+UIViewController.swift in Sources */,
				23870E112A7B72BE00B743F0 /* LottoViewController.swift in Sources */,
				239071752A773A5900C52AFB /* SceneDelegate.swift in Sources */,
				239071942A777ADC00C52AFB /* SearchCollectionViewCell.swift in Sources */,
			);
			runOnlyForDeploymentPostprocessing = 0;
		};
/* End PBXSourcesBuildPhase section */

/* Begin PBXVariantGroup section */
		239071782A773A5900C52AFB /* Main.storyboard */ = {
			isa = PBXVariantGroup;
			children = (
				239071792A773A5900C52AFB /* Base */,
			);
			name = Main.storyboard;
			sourceTree = "<group>";
		};
		2390717D2A773A5C00C52AFB /* LaunchScreen.storyboard */ = {
			isa = PBXVariantGroup;
			children = (
				2390717E2A773A5C00C52AFB /* Base */,
			);
			name = LaunchScreen.storyboard;
			sourceTree = "<group>";
		};
/* End PBXVariantGroup section */

/* Begin XCBuildConfiguration section */
		239071812A773A5C00C52AFB /* Debug */ = {
			isa = XCBuildConfiguration;
			buildSettings = {
				ALWAYS_SEARCH_USER_PATHS = NO;
				CLANG_ANALYZER_NONNULL = YES;
				CLANG_ANALYZER_NUMBER_OBJECT_CONVERSION = YES_AGGRESSIVE;
				CLANG_CXX_LANGUAGE_STANDARD = "gnu++20";
				CLANG_ENABLE_MODULES = YES;
				CLANG_ENABLE_OBJC_ARC = YES;
				CLANG_ENABLE_OBJC_WEAK = YES;
				CLANG_WARN_BLOCK_CAPTURE_AUTORELEASING = YES;
				CLANG_WARN_BOOL_CONVERSION = YES;
				CLANG_WARN_COMMA = YES;
				CLANG_WARN_CONSTANT_CONVERSION = YES;
				CLANG_WARN_DEPRECATED_OBJC_IMPLEMENTATIONS = YES;
				CLANG_WARN_DIRECT_OBJC_ISA_USAGE = YES_ERROR;
				CLANG_WARN_DOCUMENTATION_COMMENTS = YES;
				CLANG_WARN_EMPTY_BODY = YES;
				CLANG_WARN_ENUM_CONVERSION = YES;
				CLANG_WARN_INFINITE_RECURSION = YES;
				CLANG_WARN_INT_CONVERSION = YES;
				CLANG_WARN_NON_LITERAL_NULL_CONVERSION = YES;
				CLANG_WARN_OBJC_IMPLICIT_RETAIN_SELF = YES;
				CLANG_WARN_OBJC_LITERAL_CONVERSION = YES;
				CLANG_WARN_OBJC_ROOT_CLASS = YES_ERROR;
				CLANG_WARN_QUOTED_INCLUDE_IN_FRAMEWORK_HEADER = YES;
				CLANG_WARN_RANGE_LOOP_ANALYSIS = YES;
				CLANG_WARN_STRICT_PROTOTYPES = YES;
				CLANG_WARN_SUSPICIOUS_MOVE = YES;
				CLANG_WARN_UNGUARDED_AVAILABILITY = YES_AGGRESSIVE;
				CLANG_WARN_UNREACHABLE_CODE = YES;
				CLANG_WARN__DUPLICATE_METHOD_MATCH = YES;
				COPY_PHASE_STRIP = NO;
				DEBUG_INFORMATION_FORMAT = dwarf;
				ENABLE_STRICT_OBJC_MSGSEND = YES;
				ENABLE_TESTABILITY = YES;
				GCC_C_LANGUAGE_STANDARD = gnu11;
				GCC_DYNAMIC_NO_PIC = NO;
				GCC_NO_COMMON_BLOCKS = YES;
				GCC_OPTIMIZATION_LEVEL = 0;
				GCC_PREPROCESSOR_DEFINITIONS = (
					"DEBUG=1",
					"$(inherited)",
				);
				GCC_WARN_64_TO_32_BIT_CONVERSION = YES;
				GCC_WARN_ABOUT_RETURN_TYPE = YES_ERROR;
				GCC_WARN_UNDECLARED_SELECTOR = YES;
				GCC_WARN_UNINITIALIZED_AUTOS = YES_AGGRESSIVE;
				GCC_WARN_UNUSED_FUNCTION = YES;
				GCC_WARN_UNUSED_VARIABLE = YES;
				IPHONEOS_DEPLOYMENT_TARGET = 16.4;
				MTL_ENABLE_DEBUG_INFO = INCLUDE_SOURCE;
				MTL_FAST_MATH = YES;
				ONLY_ACTIVE_ARCH = YES;
				SDKROOT = iphoneos;
				SWIFT_ACTIVE_COMPILATION_CONDITIONS = DEBUG;
				SWIFT_OPTIMIZATION_LEVEL = "-Onone";
			};
			name = Debug;
		};
		239071822A773A5C00C52AFB /* Release */ = {
			isa = XCBuildConfiguration;
			buildSettings = {
				ALWAYS_SEARCH_USER_PATHS = NO;
				CLANG_ANALYZER_NONNULL = YES;
				CLANG_ANALYZER_NUMBER_OBJECT_CONVERSION = YES_AGGRESSIVE;
				CLANG_CXX_LANGUAGE_STANDARD = "gnu++20";
				CLANG_ENABLE_MODULES = YES;
				CLANG_ENABLE_OBJC_ARC = YES;
				CLANG_ENABLE_OBJC_WEAK = YES;
				CLANG_WARN_BLOCK_CAPTURE_AUTORELEASING = YES;
				CLANG_WARN_BOOL_CONVERSION = YES;
				CLANG_WARN_COMMA = YES;
				CLANG_WARN_CONSTANT_CONVERSION = YES;
				CLANG_WARN_DEPRECATED_OBJC_IMPLEMENTATIONS = YES;
				CLANG_WARN_DIRECT_OBJC_ISA_USAGE = YES_ERROR;
				CLANG_WARN_DOCUMENTATION_COMMENTS = YES;
				CLANG_WARN_EMPTY_BODY = YES;
				CLANG_WARN_ENUM_CONVERSION = YES;
				CLANG_WARN_INFINITE_RECURSION = YES;
				CLANG_WARN_INT_CONVERSION = YES;
				CLANG_WARN_NON_LITERAL_NULL_CONVERSION = YES;
				CLANG_WARN_OBJC_IMPLICIT_RETAIN_SELF = YES;
				CLANG_WARN_OBJC_LITERAL_CONVERSION = YES;
				CLANG_WARN_OBJC_ROOT_CLASS = YES_ERROR;
				CLANG_WARN_QUOTED_INCLUDE_IN_FRAMEWORK_HEADER = YES;
				CLANG_WARN_RANGE_LOOP_ANALYSIS = YES;
				CLANG_WARN_STRICT_PROTOTYPES = YES;
				CLANG_WARN_SUSPICIOUS_MOVE = YES;
				CLANG_WARN_UNGUARDED_AVAILABILITY = YES_AGGRESSIVE;
				CLANG_WARN_UNREACHABLE_CODE = YES;
				CLANG_WARN__DUPLICATE_METHOD_MATCH = YES;
				COPY_PHASE_STRIP = NO;
				DEBUG_INFORMATION_FORMAT = "dwarf-with-dsym";
				ENABLE_NS_ASSERTIONS = NO;
				ENABLE_STRICT_OBJC_MSGSEND = YES;
				GCC_C_LANGUAGE_STANDARD = gnu11;
				GCC_NO_COMMON_BLOCKS = YES;
				GCC_WARN_64_TO_32_BIT_CONVERSION = YES;
				GCC_WARN_ABOUT_RETURN_TYPE = YES_ERROR;
				GCC_WARN_UNDECLARED_SELECTOR = YES;
				GCC_WARN_UNINITIALIZED_AUTOS = YES_AGGRESSIVE;
				GCC_WARN_UNUSED_FUNCTION = YES;
				GCC_WARN_UNUSED_VARIABLE = YES;
				IPHONEOS_DEPLOYMENT_TARGET = 16.4;
				MTL_ENABLE_DEBUG_INFO = NO;
				MTL_FAST_MATH = YES;
				SDKROOT = iphoneos;
				SWIFT_COMPILATION_MODE = wholemodule;
				SWIFT_OPTIMIZATION_LEVEL = "-O";
				VALIDATE_PRODUCT = YES;
			};
			name = Release;
		};
		239071842A773A5C00C52AFB /* Debug */ = {
			isa = XCBuildConfiguration;
			buildSettings = {
				ASSETCATALOG_COMPILER_APPICON_NAME = AppIcon;
				ASSETCATALOG_COMPILER_GLOBAL_ACCENT_COLOR_NAME = AccentColor;
				CODE_SIGN_STYLE = Automatic;
				CURRENT_PROJECT_VERSION = 1;
				DEVELOPMENT_TEAM = XG2N7C4BNF;
				GENERATE_INFOPLIST_FILE = YES;
				INFOPLIST_FILE = OneLineDiary/Info.plist;
				INFOPLIST_KEY_UIApplicationSupportsIndirectInputEvents = YES;
				INFOPLIST_KEY_UILaunchStoryboardName = LaunchScreen;
				INFOPLIST_KEY_UIMainStoryboardFile = Main;
				INFOPLIST_KEY_UISupportedInterfaceOrientations_iPad = "UIInterfaceOrientationPortrait UIInterfaceOrientationPortraitUpsideDown UIInterfaceOrientationLandscapeLeft UIInterfaceOrientationLandscapeRight";
				INFOPLIST_KEY_UISupportedInterfaceOrientations_iPhone = "UIInterfaceOrientationPortrait UIInterfaceOrientationLandscapeLeft UIInterfaceOrientationLandscapeRight";
				LD_RUNPATH_SEARCH_PATHS = (
					"$(inherited)",
					"@executable_path/Frameworks",
				);
				MARKETING_VERSION = 1.0;
				PRODUCT_BUNDLE_IDENTIFIER = doryb.OneLineDiary;
				PRODUCT_NAME = "$(TARGET_NAME)";
				SUPPORTED_PLATFORMS = "iphoneos iphonesimulator";
				SUPPORTS_MACCATALYST = NO;
				SUPPORTS_MAC_DESIGNED_FOR_IPHONE_IPAD = NO;
				SWIFT_EMIT_LOC_STRINGS = YES;
				SWIFT_VERSION = 5.0;
				TARGETED_DEVICE_FAMILY = 1;
			};
			name = Debug;
		};
		239071852A773A5C00C52AFB /* Release */ = {
			isa = XCBuildConfiguration;
			buildSettings = {
				ASSETCATALOG_COMPILER_APPICON_NAME = AppIcon;
				ASSETCATALOG_COMPILER_GLOBAL_ACCENT_COLOR_NAME = AccentColor;
				CODE_SIGN_STYLE = Automatic;
				CURRENT_PROJECT_VERSION = 1;
				DEVELOPMENT_TEAM = XG2N7C4BNF;
				GENERATE_INFOPLIST_FILE = YES;
				INFOPLIST_FILE = OneLineDiary/Info.plist;
				INFOPLIST_KEY_UIApplicationSupportsIndirectInputEvents = YES;
				INFOPLIST_KEY_UILaunchStoryboardName = LaunchScreen;
				INFOPLIST_KEY_UIMainStoryboardFile = Main;
				INFOPLIST_KEY_UISupportedInterfaceOrientations_iPad = "UIInterfaceOrientationPortrait UIInterfaceOrientationPortraitUpsideDown UIInterfaceOrientationLandscapeLeft UIInterfaceOrientationLandscapeRight";
				INFOPLIST_KEY_UISupportedInterfaceOrientations_iPhone = "UIInterfaceOrientationPortrait UIInterfaceOrientationLandscapeLeft UIInterfaceOrientationLandscapeRight";
				LD_RUNPATH_SEARCH_PATHS = (
					"$(inherited)",
					"@executable_path/Frameworks",
				);
				MARKETING_VERSION = 1.0;
				PRODUCT_BUNDLE_IDENTIFIER = doryb.OneLineDiary;
				PRODUCT_NAME = "$(TARGET_NAME)";
				SUPPORTED_PLATFORMS = "iphoneos iphonesimulator";
				SUPPORTS_MACCATALYST = NO;
				SUPPORTS_MAC_DESIGNED_FOR_IPHONE_IPAD = NO;
				SWIFT_EMIT_LOC_STRINGS = YES;
				SWIFT_VERSION = 5.0;
				TARGETED_DEVICE_FAMILY = 1;
			};
			name = Release;
		};
/* End XCBuildConfiguration section */

/* Begin XCConfigurationList section */
		2390716A2A773A5900C52AFB /* Build configuration list for PBXProject "OneLineDiary" */ = {
			isa = XCConfigurationList;
			buildConfigurations = (
				239071812A773A5C00C52AFB /* Debug */,
				239071822A773A5C00C52AFB /* Release */,
			);
			defaultConfigurationIsVisible = 0;
			defaultConfigurationName = Release;
		};
		239071832A773A5C00C52AFB /* Build configuration list for PBXNativeTarget "OneLineDiary" */ = {
			isa = XCConfigurationList;
			buildConfigurations = (
				239071842A773A5C00C52AFB /* Debug */,
				239071852A773A5C00C52AFB /* Release */,
			);
			defaultConfigurationIsVisible = 0;
			defaultConfigurationName = Release;
		};
/* End XCConfigurationList section */

/* Begin XCRemoteSwiftPackageReference section */
		232408322A808092000A1024 /* XCRemoteSwiftPackageReference "SwiftyJSON" */ = {
			isa = XCRemoteSwiftPackageReference;
			repositoryURL = "https://github.com/SwiftyJSON/SwiftyJSON.git";
			requirement = {
				kind = upToNextMajorVersion;
				minimumVersion = 5.0.0;
			};
		};
		232408352A8080A4000A1024 /* XCRemoteSwiftPackageReference "Alamofire" */ = {
			isa = XCRemoteSwiftPackageReference;
			repositoryURL = "https://github.com/Alamofire/Alamofire.git";
			requirement = {
				kind = upToNextMajorVersion;
				minimumVersion = 5.0.0;
			};
		};
/* End XCRemoteSwiftPackageReference section */

/* Begin XCSwiftPackageProductDependency section */
		232408332A808092000A1024 /* SwiftyJSON */ = {
			isa = XCSwiftPackageProductDependency;
			package = 232408322A808092000A1024 /* XCRemoteSwiftPackageReference "SwiftyJSON" */;
			productName = SwiftyJSON;
		};
		232408362A8080A4000A1024 /* Alamofire */ = {
			isa = XCSwiftPackageProductDependency;
			package = 232408352A8080A4000A1024 /* XCRemoteSwiftPackageReference "Alamofire" */;
			productName = Alamofire;
		};
/* End XCSwiftPackageProductDependency section */
	};
	rootObject = 239071672A773A5900C52AFB /* Project object */;
}
